
Microsoft Visual Studio Solution File, Format Version 12.00
Project("{FAE04EC0-301F-11D3-BF4B-00C04F79EFBC}") = "MarcellToth.DDDBuildingBlocks", "MarcellToth.DDDBuildingBlocks\MarcellToth.DDDBuildingBlocks.csproj", "{9DAE3F07-9452-4D96-BD57-8C184A12D691}"
EndProject
Global
	GlobalSection(SolutionConfigurationPlatforms) = preSolution
		Debug|Any CPU = Debug|Any CPU
		Release|Any CPU = Release|Any CPU
	EndGlobalSection
	GlobalSection(ProjectConfigurationPlatforms) = postSolution
		{9DAE3F07-9452-4D96-BD57-8C184A12D691}.Debug|Any CPU.ActiveCfg = Debug|Any CPU
		{9DAE3F07-9452-4D96-BD57-8C184A12D691}.Debug|Any CPU.Build.0 = Debug|Any CPU
		{9DAE3F07-9452-4D96-BD57-8C184A12D691}.Release|Any CPU.ActiveCfg = Release|Any CPU
		{9DAE3F07-9452-4D96-BD57-8C184A12D691}.Release|Any CPU.Build.0 = Release|Any CPU
	EndGlobalSection
EndGlobal
